// !$*UTF8*$!
{
	archiveVersion = 1;
	classes = {
	};
	objectVersion = 46;
	objects = {

/* Begin PBXBuildFile section */
		61EBF628196F22E7007DF7E1 /* Foundation.framework in Frameworks */ = {isa = PBXBuildFile; fileRef = 61EBF627196F22E7007DF7E1 /* Foundation.framework */; };
		61EBF62A196F22E7007DF7E1 /* CoreGraphics.framework in Frameworks */ = {isa = PBXBuildFile; fileRef = 61EBF629196F22E7007DF7E1 /* CoreGraphics.framework */; };
		61EBF62C196F22E7007DF7E1 /* UIKit.framework in Frameworks */ = {isa = PBXBuildFile; fileRef = 61EBF62B196F22E7007DF7E1 /* UIKit.framework */; };
		61EBF632196F22E7007DF7E1 /* InfoPlist.strings in Resources */ = {isa = PBXBuildFile; fileRef = 61EBF630196F22E7007DF7E1 /* InfoPlist.strings */; };
		61EBF634196F22E7007DF7E1 /* main.m in Sources */ = {isa = PBXBuildFile; fileRef = 61EBF633196F22E7007DF7E1 /* main.m */; };
		61EBF638196F22E7007DF7E1 /* AppDelegate.m in Sources */ = {isa = PBXBuildFile; fileRef = 61EBF637196F22E7007DF7E1 /* AppDelegate.m */; };
		61EBF63B196F22E7007DF7E1 /* Main.storyboard in Resources */ = {isa = PBXBuildFile; fileRef = 61EBF639196F22E7007DF7E1 /* Main.storyboard */; };
		61EBF63E196F22E7007DF7E1 /* FirstViewController.m in Sources */ = {isa = PBXBuildFile; fileRef = 61EBF63D196F22E7007DF7E1 /* FirstViewController.m */; };
		61EBF641196F22E7007DF7E1 /* SecondViewController.m in Sources */ = {isa = PBXBuildFile; fileRef = 61EBF640196F22E7007DF7E1 /* SecondViewController.m */; };
		61EBF643196F22E8007DF7E1 /* Images.xcassets in Resources */ = {isa = PBXBuildFile; fileRef = 61EBF642196F22E8007DF7E1 /* Images.xcassets */; };
		61EBF64A196F22E8007DF7E1 /* XCTest.framework in Frameworks */ = {isa = PBXBuildFile; fileRef = 61EBF649196F22E8007DF7E1 /* XCTest.framework */; };
		61EBF64B196F22E8007DF7E1 /* Foundation.framework in Frameworks */ = {isa = PBXBuildFile; fileRef = 61EBF627196F22E7007DF7E1 /* Foundation.framework */; };
		61EBF64C196F22E8007DF7E1 /* UIKit.framework in Frameworks */ = {isa = PBXBuildFile; fileRef = 61EBF62B196F22E7007DF7E1 /* UIKit.framework */; };
		61EBF654196F22E8007DF7E1 /* InfoPlist.strings in Resources */ = {isa = PBXBuildFile; fileRef = 61EBF652196F22E8007DF7E1 /* InfoPlist.strings */; };
		61EBF656196F22E8007DF7E1 /* exercicio03Tests.m in Sources */ = {isa = PBXBuildFile; fileRef = 61EBF655196F22E8007DF7E1 /* exercicio03Tests.m */; };
/* End PBXBuildFile section */

/* Begin PBXContainerItemProxy section */
		61EBF64D196F22E8007DF7E1 /* PBXContainerItemProxy */ = {
			isa = PBXContainerItemProxy;
			containerPortal = 61EBF61C196F22E7007DF7E1 /* Project object */;
			proxyType = 1;
			remoteGlobalIDString = 61EBF623196F22E7007DF7E1;
			remoteInfo = exercicio03;
		};
/* End PBXContainerItemProxy section */

/* Begin PBXFileReference section */
		61EBF624196F22E7007DF7E1 /* exercicio03.app */ = {isa = PBXFileReference; explicitFileType = wrapper.application; includeInIndex = 0; path = exercicio03.app; sourceTree = BUILT_PRODUCTS_DIR; };
		61EBF627196F22E7007DF7E1 /* Foundation.framework */ = {isa = PBXFileReference; lastKnownFileType = wrapper.framework; name = Foundation.framework; path = System/Library/Frameworks/Foundation.framework; sourceTree = SDKROOT; };
		61EBF629196F22E7007DF7E1 /* CoreGraphics.framework */ = {isa = PBXFileReference; lastKnownFileType = wrapper.framework; name = CoreGraphics.framework; path = System/Library/Frameworks/CoreGraphics.framework; sourceTree = SDKROOT; };
		61EBF62B196F22E7007DF7E1 /* UIKit.framework */ = {isa = PBXFileReference; lastKnownFileType = wrapper.framework; name = UIKit.framework; path = System/Library/Frameworks/UIKit.framework; sourceTree = SDKROOT; };
		61EBF62F196F22E7007DF7E1 /* exercicio03-Info.plist */ = {isa = PBXFileReference; lastKnownFileType = text.plist.xml; path = "exercicio03-Info.plist"; sourceTree = "<group>"; };
		61EBF631196F22E7007DF7E1 /* en */ = {isa = PBXFileReference; lastKnownFileType = text.plist.strings; name = en; path = en.lproj/InfoPlist.strings; sourceTree = "<group>"; };
		61EBF633196F22E7007DF7E1 /* main.m */ = {isa = PBXFileReference; lastKnownFileType = sourcecode.c.objc; path = main.m; sourceTree = "<group>"; };
		61EBF635196F22E7007DF7E1 /* exercicio03-Prefix.pch */ = {isa = PBXFileReference; lastKnownFileType = sourcecode.c.h; path = "exercicio03-Prefix.pch"; sourceTree = "<group>"; };
		61EBF636196F22E7007DF7E1 /* AppDelegate.h */ = {isa = PBXFileReference; lastKnownFileType = sourcecode.c.h; path = AppDelegate.h; sourceTree = "<group>"; };
		61EBF637196F22E7007DF7E1 /* AppDelegate.m */ = {isa = PBXFileReference; lastKnownFileType = sourcecode.c.objc; path = AppDelegate.m; sourceTree = "<group>"; };
		61EBF63A196F22E7007DF7E1 /* Base */ = {isa = PBXFileReference; lastKnownFileType = file.storyboard; name = Base; path = Base.lproj/Main.storyboard; sourceTree = "<group>"; };
		61EBF63C196F22E7007DF7E1 /* FirstViewController.h */ = {isa = PBXFileReference; lastKnownFileType = sourcecode.c.h; path = FirstViewController.h; sourceTree = "<group>"; };
		61EBF63D196F22E7007DF7E1 /* FirstViewController.m */ = {isa = PBXFileReference; lastKnownFileType = sourcecode.c.objc; path = FirstViewController.m; sourceTree = "<group>"; };
		61EBF63F196F22E7007DF7E1 /* SecondViewController.h */ = {isa = PBXFileReference; lastKnownFileType = sourcecode.c.h; path = SecondViewController.h; sourceTree = "<group>"; };
		61EBF640196F22E7007DF7E1 /* SecondViewController.m */ = {isa = PBXFileReference; lastKnownFileType = sourcecode.c.objc; path = SecondViewController.m; sourceTree = "<group>"; };
		61EBF642196F22E8007DF7E1 /* Images.xcassets */ = {isa = PBXFileReference; lastKnownFileType = folder.assetcatalog; path = Images.xcassets; sourceTree = "<group>"; };
		61EBF648196F22E8007DF7E1 /* exercicio03Tests.xctest */ = {isa = PBXFileReference; explicitFileType = wrapper.cfbundle; includeInIndex = 0; path = exercicio03Tests.xctest; sourceTree = BUILT_PRODUCTS_DIR; };
		61EBF649196F22E8007DF7E1 /* XCTest.framework */ = {isa = PBXFileReference; lastKnownFileType = wrapper.framework; name = XCTest.framework; path = Library/Frameworks/XCTest.framework; sourceTree = DEVELOPER_DIR; };
		61EBF651196F22E8007DF7E1 /* exercicio03Tests-Info.plist */ = {isa = PBXFileReference; lastKnownFileType = text.plist.xml; path = "exercicio03Tests-Info.plist"; sourceTree = "<group>"; };
		61EBF653196F22E8007DF7E1 /* en */ = {isa = PBXFileReference; lastKnownFileType = text.plist.strings; name = en; path = en.lproj/InfoPlist.strings; sourceTree = "<group>"; };
		61EBF655196F22E8007DF7E1 /* exercicio03Tests.m */ = {isa = PBXFileReference; lastKnownFileType = sourcecode.c.objc; path = exercicio03Tests.m; sourceTree = "<group>"; };
/* End PBXFileReference section */

/* Begin PBXFrameworksBuildPhase section */
		61EBF621196F22E7007DF7E1 /* Frameworks */ = {
			isa = PBXFrameworksBuildPhase;
			buildActionMask = 2147483647;
			files = (
				61EBF62A196F22E7007DF7E1 /* CoreGraphics.framework in Frameworks */,
				61EBF62C196F22E7007DF7E1 /* UIKit.framework in Frameworks */,
				61EBF628196F22E7007DF7E1 /* Foundation.framework in Frameworks */,
			);
			runOnlyForDeploymentPostprocessing = 0;
		};
		61EBF645196F22E8007DF7E1 /* Frameworks */ = {
			isa = PBXFrameworksBuildPhase;
			buildActionMask = 2147483647;
			files = (
				61EBF64A196F22E8007DF7E1 /* XCTest.framework in Frameworks */,
				61EBF64C196F22E8007DF7E1 /* UIKit.framework in Frameworks */,
				61EBF64B196F22E8007DF7E1 /* Foundation.framework in Frameworks */,
			);
			runOnlyForDeploymentPostprocessing = 0;
		};
/* End PBXFrameworksBuildPhase section */

/* Begin PBXGroup section */
		61EBF61B196F22E7007DF7E1 = {
			isa = PBXGroup;
			children = (
				61EBF62D196F22E7007DF7E1 /* exercicio03 */,
				61EBF64F196F22E8007DF7E1 /* exercicio03Tests */,
				61EBF626196F22E7007DF7E1 /* Frameworks */,
				61EBF625196F22E7007DF7E1 /* Products */,
			);
			sourceTree = "<group>";
		};
		61EBF625196F22E7007DF7E1 /* Products */ = {
			isa = PBXGroup;
			children = (
				61EBF624196F22E7007DF7E1 /* exercicio03.app */,
				61EBF648196F22E8007DF7E1 /* exercicio03Tests.xctest */,
			);
			name = Products;
			sourceTree = "<group>";
		};
		61EBF626196F22E7007DF7E1 /* Frameworks */ = {
			isa = PBXGroup;
			children = (
				61EBF627196F22E7007DF7E1 /* Foundation.framework */,
				61EBF629196F22E7007DF7E1 /* CoreGraphics.framework */,
				61EBF62B196F22E7007DF7E1 /* UIKit.framework */,
				61EBF649196F22E8007DF7E1 /* XCTest.framework */,
			);
			name = Frameworks;
			sourceTree = "<group>";
		};
		61EBF62D196F22E7007DF7E1 /* exercicio03 */ = {
			isa = PBXGroup;
			children = (
				61EBF636196F22E7007DF7E1 /* AppDelegate.h */,
				61EBF637196F22E7007DF7E1 /* AppDelegate.m */,
				61EBF639196F22E7007DF7E1 /* Main.storyboard */,
				61EBF63C196F22E7007DF7E1 /* FirstViewController.h */,
				61EBF63D196F22E7007DF7E1 /* FirstViewController.m */,
				61EBF63F196F22E7007DF7E1 /* SecondViewController.h */,
				61EBF640196F22E7007DF7E1 /* SecondViewController.m */,
				61EBF642196F22E8007DF7E1 /* Images.xcassets */,
				61EBF62E196F22E7007DF7E1 /* Supporting Files */,
			);
			path = exercicio03;
			sourceTree = "<group>";
		};
		61EBF62E196F22E7007DF7E1 /* Supporting Files */ = {
			isa = PBXGroup;
			children = (
				61EBF62F196F22E7007DF7E1 /* exercicio03-Info.plist */,
				61EBF630196F22E7007DF7E1 /* InfoPlist.strings */,
				61EBF633196F22E7007DF7E1 /* main.m */,
				61EBF635196F22E7007DF7E1 /* exercicio03-Prefix.pch */,
			);
			name = "Supporting Files";
			sourceTree = "<group>";
		};
		61EBF64F196F22E8007DF7E1 /* exercicio03Tests */ = {
			isa = PBXGroup;
			children = (
				61EBF655196F22E8007DF7E1 /* exercicio03Tests.m */,
				61EBF650196F22E8007DF7E1 /* Supporting Files */,
			);
			path = exercicio03Tests;
			sourceTree = "<group>";
		};
		61EBF650196F22E8007DF7E1 /* Supporting Files */ = {
			isa = PBXGroup;
			children = (
				61EBF651196F22E8007DF7E1 /* exercicio03Tests-Info.plist */,
				61EBF652196F22E8007DF7E1 /* InfoPlist.strings */,
			);
			name = "Supporting Files";
			sourceTree = "<group>";
		};
/* End PBXGroup section */

/* Begin PBXNativeTarget section */
		61EBF623196F22E7007DF7E1 /* exercicio03 */ = {
			isa = PBXNativeTarget;
			buildConfigurationList = 61EBF659196F22E8007DF7E1 /* Build configuration list for PBXNativeTarget "exercicio03" */;
			buildPhases = (
				61EBF620196F22E7007DF7E1 /* Sources */,
				61EBF621196F22E7007DF7E1 /* Frameworks */,
				61EBF622196F22E7007DF7E1 /* Resources */,
			);
			buildRules = (
			);
			dependencies = (
			);
			name = exercicio03;
			productName = exercicio03;
			productReference = 61EBF624196F22E7007DF7E1 /* exercicio03.app */;
			productType = "com.apple.product-type.application";
		};
		61EBF647196F22E8007DF7E1 /* exercicio03Tests */ = {
			isa = PBXNativeTarget;
			buildConfigurationList = 61EBF65C196F22E8007DF7E1 /* Build configuration list for PBXNativeTarget "exercicio03Tests" */;
			buildPhases = (
				61EBF644196F22E8007DF7E1 /* Sources */,
				61EBF645196F22E8007DF7E1 /* Frameworks */,
				61EBF646196F22E8007DF7E1 /* Resources */,
			);
			buildRules = (
			);
			dependencies = (
				61EBF64E196F22E8007DF7E1 /* PBXTargetDependency */,
			);
			name = exercicio03Tests;
			productName = exercicio03Tests;
			productReference = 61EBF648196F22E8007DF7E1 /* exercicio03Tests.xctest */;
			productType = "com.apple.product-type.bundle.unit-test";
		};
/* End PBXNativeTarget section */

/* Begin PBXProject section */
		61EBF61C196F22E7007DF7E1 /* Project object */ = {
			isa = PBXProject;
			attributes = {
				LastUpgradeCheck = 0510;
				ORGANIZATIONNAME = "Jackson F. de A. Mafra";
				TargetAttributes = {
					61EBF647196F22E8007DF7E1 = {
						TestTargetID = 61EBF623196F22E7007DF7E1;
					};
				};
			};
			buildConfigurationList = 61EBF61F196F22E7007DF7E1 /* Build configuration list for PBXProject "exercicio03" */;
			compatibilityVersion = "Xcode 3.2";
			developmentRegion = English;
			hasScannedForEncodings = 0;
			knownRegions = (
				en,
				Base,
			);
			mainGroup = 61EBF61B196F22E7007DF7E1;
			productRefGroup = 61EBF625196F22E7007DF7E1 /* Products */;
			projectDirPath = "";
			projectRoot = "";
			targets = (
				61EBF623196F22E7007DF7E1 /* exercicio03 */,
				61EBF647196F22E8007DF7E1 /* exercicio03Tests */,
			);
		};
/* End PBXProject section */

/* Begin PBXResourcesBuildPhase section */
		61EBF622196F22E7007DF7E1 /* Resources */ = {
			isa = PBXResourcesBuildPhase;
			buildActionMask = 2147483647;
			files = (
				61EBF643196F22E8007DF7E1 /* Images.xcassets in Resources */,
				61EBF632196F22E7007DF7E1 /* InfoPlist.strings in Resources */,
				61EBF63B196F22E7007DF7E1 /* Main.storyboard in Resources */,
			);
			runOnlyForDeploymentPostprocessing = 0;
		};
		61EBF646196F22E8007DF7E1 /* Resources */ = {
			isa = PBXResourcesBuildPhase;
			buildActionMask = 2147483647;
			files = (
				61EBF654196F22E8007DF7E1 /* InfoPlist.strings in Resources */,
			);
			runOnlyForDeploymentPostprocessing = 0;
		};
/* End PBXResourcesBuildPhase section */

/* Begin PBXSourcesBuildPhase section */
		61EBF620196F22E7007DF7E1 /* Sources */ = {
			isa = PBXSourcesBuildPhase;
			buildActionMask = 2147483647;
			files = (
				61EBF641196F22E7007DF7E1 /* SecondViewController.m in Sources */,
				61EBF638196F22E7007DF7E1 /* AppDelegate.m in Sources */,
				61EBF63E196F22E7007DF7E1 /* FirstViewController.m in Sources */,
				61EBF634196F22E7007DF7E1 /* main.m in Sources */,
			);
			runOnlyForDeploymentPostprocessing = 0;
		};
		61EBF644196F22E8007DF7E1 /* Sources */ = {
			isa = PBXSourcesBuildPhase;
			buildActionMask = 2147483647;
			files = (
				61EBF656196F22E8007DF7E1 /* exercicio03Tests.m in Sources */,
			);
			runOnlyForDeploymentPostprocessing = 0;
		};
/* End PBXSourcesBuildPhase section */

/* Begin PBXTargetDependency section */
		61EBF64E196F22E8007DF7E1 /* PBXTargetDependency */ = {
			isa = PBXTargetDependency;
			target = 61EBF623196F22E7007DF7E1 /* exercicio03 */;
			targetProxy = 61EBF64D196F22E8007DF7E1 /* PBXContainerItemProxy */;
		};
/* End PBXTargetDependency section */

/* Begin PBXVariantGroup section */
		61EBF630196F22E7007DF7E1 /* InfoPlist.strings */ = {
			isa = PBXVariantGroup;
			children = (
				61EBF631196F22E7007DF7E1 /* en */,
			);
			name = InfoPlist.strings;
			sourceTree = "<group>";
		};
		61EBF639196F22E7007DF7E1 /* Main.storyboard */ = {
			isa = PBXVariantGroup;
			children = (
				61EBF63A196F22E7007DF7E1 /* Base */,
			);
			name = Main.storyboard;
			sourceTree = "<group>";
		};
		61EBF652196F22E8007DF7E1 /* InfoPlist.strings */ = {
			isa = PBXVariantGroup;
			children = (
				61EBF653196F22E8007DF7E1 /* en */,
			);
			name = InfoPlist.strings;
			sourceTree = "<group>";
		};
/* End PBXVariantGroup section */

/* Begin XCBuildConfiguration section */
		61EBF657196F22E8007DF7E1 /* Debug */ = {
			isa = XCBuildConfiguration;
			buildSettings = {
				ALWAYS_SEARCH_USER_PATHS = NO;
				CLANG_CXX_LANGUAGE_STANDARD = "gnu++0x";
				CLANG_CXX_LIBRARY = "libc++";
				CLANG_ENABLE_MODULES = YES;
				CLANG_ENABLE_OBJC_ARC = YES;
				CLANG_WARN_BOOL_CONVERSION = YES;
				CLANG_WARN_CONSTANT_CONVERSION = YES;
				CLANG_WARN_DIRECT_OBJC_ISA_USAGE = YES_ERROR;
				CLANG_WARN_EMPTY_BODY = YES;
				CLANG_WARN_ENUM_CONVERSION = YES;
				CLANG_WARN_INT_CONVERSION = YES;
				CLANG_WARN_OBJC_ROOT_CLASS = YES_ERROR;
				CLANG_WARN__DUPLICATE_METHOD_MATCH = YES;
				"CODE_SIGN_IDENTITY[sdk=iphoneos*]" = "iPhone Developer";
				COPY_PHASE_STRIP = NO;
				GCC_C_LANGUAGE_STANDARD = gnu99;
				GCC_DYNAMIC_NO_PIC = NO;
				GCC_OPTIMIZATION_LEVEL = 0;
				GCC_PREPROCESSOR_DEFINITIONS = (
					"DEBUG=1",
					"$(inherited)",
				);
				GCC_SYMBOLS_PRIVATE_EXTERN = NO;
				GCC_WARN_64_TO_32_BIT_CONVERSION = YES;
				GCC_WARN_ABOUT_RETURN_TYPE = YES_ERROR;
				GCC_WARN_UNDECLARED_SELECTOR = YES;
				GCC_WARN_UNINITIALIZED_AUTOS = YES_AGGRESSIVE;
				GCC_WARN_UNUSED_FUNCTION = YES;
				GCC_WARN_UNUSED_VARIABLE = YES;
				IPHONEOS_DEPLOYMENT_TARGET = 7.1;
				ONLY_ACTIVE_ARCH = YES;
				SDKROOT = iphoneos;
			};
			name = Debug;
		};
		61EBF658196F22E8007DF7E1 /* Release */ = {
			isa = XCBuildConfiguration;
			buildSettings = {
				ALWAYS_SEARCH_USER_PATHS = NO;
				CLANG_CXX_LANGUAGE_STANDARD = "gnu++0x";
				CLANG_CXX_LIBRARY = "libc++";
				CLANG_ENABLE_MODULES = YES;
				CLANG_ENABLE_OBJC_ARC = YES;
				CLANG_WARN_BOOL_CONVERSION = YES;
				CLANG_WARN_CONSTANT_CONVERSION = YES;
				CLANG_WARN_DIRECT_OBJC_ISA_USAGE = YES_ERROR;
				CLANG_WARN_EMPTY_BODY = YES;
				CLANG_WARN_ENUM_CONVERSION = YES;
				CLANG_WARN_INT_CONVERSION = YES;
				CLANG_WARN_OBJC_ROOT_CLASS = YES_ERROR;
				CLANG_WARN__DUPLICATE_METHOD_MATCH = YES;
				"CODE_SIGN_IDENTITY[sdk=iphoneos*]" = "iPhone Developer";
				COPY_PHASE_STRIP = YES;
				ENABLE_NS_ASSERTIONS = NO;
				GCC_C_LANGUAGE_STANDARD = gnu99;
				GCC_WARN_64_TO_32_BIT_CONVERSION = YES;
				GCC_WARN_ABOUT_RETURN_TYPE = YES_ERROR;
				GCC_WARN_UNDECLARED_SELECTOR = YES;
				GCC_WARN_UNINITIALIZED_AUTOS = YES_AGGRESSIVE;
				GCC_WARN_UNUSED_FUNCTION = YES;
				GCC_WARN_UNUSED_VARIABLE = YES;
				IPHONEOS_DEPLOYMENT_TARGET = 7.1;
				SDKROOT = iphoneos;
				VALIDATE_PRODUCT = YES;
			};
			name = Release;
		};
		61EBF65A196F22E8007DF7E1 /* Debug */ = {
			isa = XCBuildConfiguration;
			buildSettings = {
				ASSETCATALOG_COMPILER_APPICON_NAME = AppIcon;
				ASSETCATALOG_COMPILER_LAUNCHIMAGE_NAME = LaunchImage;
				GCC_PRECOMPILE_PREFIX_HEADER = YES;
				GCC_PREFIX_HEADER = "exercicio03/exercicio03-Prefix.pch";
				INFOPLIST_FILE = "exercicio03/exercicio03-Info.plist";
				PRODUCT_NAME = "$(TARGET_NAME)";
				WRAPPER_EXTENSION = app;
			};
			name = Debug;
		};
		61EBF65B196F22E8007DF7E1 /* Release */ = {
			isa = XCBuildConfiguration;
			buildSettings = {
				ASSETCATALOG_COMPILER_APPICON_NAME = AppIcon;
				ASSETCATALOG_COMPILER_LAUNCHIMAGE_NAME = LaunchImage;
				GCC_PRECOMPILE_PREFIX_HEADER = YES;
				GCC_PREFIX_HEADER = "exercicio03/exercicio03-Prefix.pch";
				INFOPLIST_FILE = "exercicio03/exercicio03-Info.plist";
				PRODUCT_NAME = "$(TARGET_NAME)";
				WRAPPER_EXTENSION = app;
			};
			name = Release;
		};
		61EBF65D196F22E8007DF7E1 /* Debug */ = {
			isa = XCBuildConfiguration;
			buildSettings = {
				BUNDLE_LOADER = "$(BUILT_PRODUCTS_DIR)/exercicio03.app/exercicio03";
				FRAMEWORK_SEARCH_PATHS = (
					"$(SDKROOT)/Developer/Library/Frameworks",
					"$(inherited)",
					"$(DEVELOPER_FRAMEWORKS_DIR)",
				);
				GCC_PRECOMPILE_PREFIX_HEADER = YES;
				GCC_PREFIX_HEADER = "exercicio03/exercicio03-Prefix.pch";
				GCC_PREPROCESSOR_DEFINITIONS = (
					"DEBUG=1",
					"$(inherited)",
				);
				INFOPLIST_FILE = "exercicio03Tests/exercicio03Tests-Info.plist";
				PRODUCT_NAME = "$(TARGET_NAME)";
				TEST_HOST = "$(BUNDLE_LOADER)";
				WRAPPER_EXTENSION = xctest;
			};
			name = Debug;
		};
		61EBF65E196F22E8007DF7E1 /* Release */ = {
			isa = XCBuildConfiguration;
			buildSettings = {
				BUNDLE_LOADER = "$(BUILT_PRODUCTS_DIR)/exercicio03.app/exercicio03";
				FRAMEWORK_SEARCH_PATHS = (
					"$(SDKROOT)/Developer/Library/Frameworks",
					"$(inherited)",
					"$(DEVELOPER_FRAMEWORKS_DIR)",
				);
				GCC_PRECOMPILE_PREFIX_HEADER = YES;
				GCC_PREFIX_HEADER = "exercicio03/exercicio03-Prefix.pch";
				INFOPLIST_FILE = "exercicio03Tests/exercicio03Tests-Info.plist";
				PRODUCT_NAME = "$(TARGET_NAME)";
				TEST_HOST = "$(BUNDLE_LOADER)";
				WRAPPER_EXTENSION = xctest;
			};
			name = Release;
		};
/* End XCBuildConfiguration section */

/* Begin XCConfigurationList section */
		61EBF61F196F22E7007DF7E1 /* Build configuration list for PBXProject "exercicio03" */ = {
			isa = XCConfigurationList;
			buildConfigurations = (
				61EBF657196F22E8007DF7E1 /* Debug */,
				61EBF658196F22E8007DF7E1 /* Release */,
			);
			defaultConfigurationIsVisible = 0;
			defaultConfigurationName = Release;
		};
		61EBF659196F22E8007DF7E1 /* Build configuration list for PBXNativeTarget "exercicio03" */ = {
			isa = XCConfigurationList;
			buildConfigurations = (
				61EBF65A196F22E8007DF7E1 /* Debug */,
				61EBF65B196F22E8007DF7E1 /* Release */,
			);
			defaultConfigurationIsVisible = 0;
		};
		61EBF65C196F22E8007DF7E1 /* Build configuration list for PBXNativeTarget "exercicio03Tests" */ = {
			isa = XCConfigurationList;
			buildConfigurations = (
				61EBF65D196F22E8007DF7E1 /* Debug */,
				61EBF65E196F22E8007DF7E1 /* Release */,
			);
			defaultConfigurationIsVisible = 0;
		};
/* End XCConfigurationList section */
	};
	rootObject = 61EBF61C196F22E7007DF7E1 /* Project object */;
}
